
Microsoft Visual Studio Solution File, Format Version 12.00
# Visual Studio Version 17
VisualStudioVersion = 17.11.35327.3
MinimumVisualStudioVersion = 10.0.40219.1
Project("{FAE04EC0-301F-11D3-BF4B-00C04F79EFBC}") = "PropertyInventorySystem.Entities", "PropertyInventorySystem.Entities\PropertyInventorySystem.Entities.csproj", "{B3F3B549-1559-4067-A1FE-A508BCDA23A5}"
EndProject
Project("{FAE04EC0-301F-11D3-BF4B-00C04F79EFBC}") = "PropertyInventorySystem.Infrastructure", "PropertyInventorySystem.Infrastructure\PropertyInventorySystem.Infrastructure.csproj", "{F280D14D-4831-4533-A1CF-A72320C70978}"
EndProject
Project("{FAE04EC0-301F-11D3-BF4B-00C04F79EFBC}") = "PropertyInventorySystem.API", "PropertyInventorySystem.API\PropertyInventorySystem.API.csproj", "{978EC50E-A5BD-4CF5-806B-6CF1B28A2088}"
EndProject
Global
	GlobalSection(SolutionConfigurationPlatforms) = preSolution
		Debug|Any CPU = Debug|Any CPU
		Release|Any CPU = Release|Any CPU
	EndGlobalSection
	GlobalSection(ProjectConfigurationPlatforms) = postSolution
		{B3F3B549-1559-4067-A1FE-A508BCDA23A5}.Debug|Any CPU.ActiveCfg = Debug|Any CPU
		{B3F3B549-1559-4067-A1FE-A508BCDA23A5}.Debug|Any CPU.Build.0 = Debug|Any CPU
		{B3F3B549-1559-4067-A1FE-A508BCDA23A5}.Release|Any CPU.ActiveCfg = Release|Any CPU
		{B3F3B549-1559-4067-A1FE-A508BCDA23A5}.Release|Any CPU.Build.0 = Release|Any CPU
		{F280D14D-4831-4533-A1CF-A72320C70978}.Debug|Any CPU.ActiveCfg = Debug|Any CPU
		{F280D14D-4831-4533-A1CF-A72320C70978}.Debug|Any CPU.Build.0 = Debug|Any CPU
		{F280D14D-4831-4533-A1CF-A72320C70978}.Release|Any CPU.ActiveCfg = Release|Any CPU
		{F280D14D-4831-4533-A1CF-A72320C70978}.Release|Any CPU.Build.0 = Release|Any CPU
		{978EC50E-A5BD-4CF5-806B-6CF1B28A2088}.Debug|Any CPU.ActiveCfg = Debug|Any CPU
		{978EC50E-A5BD-4CF5-806B-6CF1B28A2088}.Debug|Any CPU.Build.0 = Debug|Any CPU
		{978EC50E-A5BD-4CF5-806B-6CF1B28A2088}.Release|Any CPU.ActiveCfg = Release|Any CPU
		{978EC50E-A5BD-4CF5-806B-6CF1B28A2088}.Release|Any CPU.Build.0 = Release|Any CPU
	EndGlobalSection
	GlobalSection(SolutionProperties) = preSolution
		HideSolutionNode = FALSE
	EndGlobalSection
	GlobalSection(ExtensibilityGlobals) = postSolution
		SolutionGuid = {E3B29B27-0C85-4F3F-AC8C-CCBC75200A85}
	EndGlobalSection
EndGlobal
